// !$*UTF8*$!
{
	archiveVersion = 1;
	classes = {
	};
	objectVersion = 51;
	objects = {

/* Begin PBXBuildFile section */
		1C7C9F306A26340CE87D8FAA /* Pods_Ass2_Instagram.framework in Frameworks */ = {isa = PBXBuildFile; fileRef = 8B53ED5587825F0495048D19 /* Pods_Ass2_Instagram.framework */; };
		2D90F352261AC999002A2A8C /* StoryCollectionViewCell.swift in Sources */ = {isa = PBXBuildFile; fileRef = 2D90F351261AC999002A2A8C /* StoryCollectionViewCell.swift */; };
		2DAFA2CC26120475006F2822 /* AppDelegate.swift in Sources */ = {isa = PBXBuildFile; fileRef = 2DAFA2CB26120475006F2822 /* AppDelegate.swift */; };
		2DAFA2CE26120475006F2822 /* SceneDelegate.swift in Sources */ = {isa = PBXBuildFile; fileRef = 2DAFA2CD26120475006F2822 /* SceneDelegate.swift */; };
		2DAFA2D026120475006F2822 /* TabBarController.swift in Sources */ = {isa = PBXBuildFile; fileRef = 2DAFA2CF26120475006F2822 /* TabBarController.swift */; };
		2DAFA2D526120478006F2822 /* Assets.xcassets in Resources */ = {isa = PBXBuildFile; fileRef = 2DAFA2D426120478006F2822 /* Assets.xcassets */; };
		2DAFA2F02614342A006F2822 /* HomeVC.swift in Sources */ = {isa = PBXBuildFile; fileRef = 2DAFA2EF2614342A006F2822 /* HomeVC.swift */; };
		2DAFA2F32614343A006F2822 /* SearchVC.swift in Sources */ = {isa = PBXBuildFile; fileRef = 2DAFA2F22614343A006F2822 /* SearchVC.swift */; };
		2DAFA2F62614344B006F2822 /* VideoVC.swift in Sources */ = {isa = PBXBuildFile; fileRef = 2DAFA2F52614344B006F2822 /* VideoVC.swift */; };
		2DAFA2F92614345F006F2822 /* NoticeVC.swift in Sources */ = {isa = PBXBuildFile; fileRef = 2DAFA2F82614345F006F2822 /* NoticeVC.swift */; };
		2DAFA2FC2614346D006F2822 /* UserVC.swift in Sources */ = {isa = PBXBuildFile; fileRef = 2DAFA2FB2614346D006F2822 /* UserVC.swift */; };
		2DAFA30526144A1C006F2822 /* HomeFeedTableViewCell.swift in Sources */ = {isa = PBXBuildFile; fileRef = 2DAFA30426144A1C006F2822 /* HomeFeedTableViewCell.swift */; };
		2DCFAA6A261C1D39005A3827 /* PageCollectionViewCell.swift in Sources */ = {isa = PBXBuildFile; fileRef = 2DCFAA69261C1D39005A3827 /* PageCollectionViewCell.swift */; };
		2DD95B832621ED5D0048EDB6 /* SFProText-Regular.ttf in Resources */ = {isa = PBXBuildFile; fileRef = 2DD95B802621ED5C0048EDB6 /* SFProText-Regular.ttf */; };
		2DD95B842621ED5D0048EDB6 /* SFProText-Bold.ttf in Resources */ = {isa = PBXBuildFile; fileRef = 2DD95B812621ED5C0048EDB6 /* SFProText-Bold.ttf */; };
		2DD95B852621ED5D0048EDB6 /* SFProText-Semibold.ttf in Resources */ = {isa = PBXBuildFile; fileRef = 2DD95B822621ED5D0048EDB6 /* SFProText-Semibold.ttf */; };
		2DD95B882621F5600048EDB6 /* SFProText-Medium.ttf in Resources */ = {isa = PBXBuildFile; fileRef = 2DD95B872621F5600048EDB6 /* SFProText-Medium.ttf */; };
/* End PBXBuildFile section */

/* Begin PBXFileReference section */
		2D90F351261AC999002A2A8C /* StoryCollectionViewCell.swift */ = {isa = PBXFileReference; lastKnownFileType = sourcecode.swift; path = StoryCollectionViewCell.swift; sourceTree = "<group>"; };
		2DAFA2C826120475006F2822 /* Ass2-Instagram.app */ = {isa = PBXFileReference; explicitFileType = wrapper.application; includeInIndex = 0; path = "Ass2-Instagram.app"; sourceTree = BUILT_PRODUCTS_DIR; };
		2DAFA2CB26120475006F2822 /* AppDelegate.swift */ = {isa = PBXFileReference; lastKnownFileType = sourcecode.swift; path = AppDelegate.swift; sourceTree = "<group>"; };
		2DAFA2CD26120475006F2822 /* SceneDelegate.swift */ = {isa = PBXFileReference; lastKnownFileType = sourcecode.swift; path = SceneDelegate.swift; sourceTree = "<group>"; };
		2DAFA2CF26120475006F2822 /* TabBarController.swift */ = {isa = PBXFileReference; lastKnownFileType = sourcecode.swift; path = TabBarController.swift; sourceTree = "<group>"; };
		2DAFA2D426120478006F2822 /* Assets.xcassets */ = {isa = PBXFileReference; lastKnownFileType = folder.assetcatalog; path = Assets.xcassets; sourceTree = "<group>"; };
		2DAFA2D926120478006F2822 /* Info.plist */ = {isa = PBXFileReference; lastKnownFileType = text.plist.xml; path = Info.plist; sourceTree = "<group>"; };
		2DAFA2EF2614342A006F2822 /* HomeVC.swift */ = {isa = PBXFileReference; lastKnownFileType = sourcecode.swift; path = HomeVC.swift; sourceTree = "<group>"; };
		2DAFA2F22614343A006F2822 /* SearchVC.swift */ = {isa = PBXFileReference; lastKnownFileType = sourcecode.swift; path = SearchVC.swift; sourceTree = "<group>"; };
		2DAFA2F52614344B006F2822 /* VideoVC.swift */ = {isa = PBXFileReference; lastKnownFileType = sourcecode.swift; path = VideoVC.swift; sourceTree = "<group>"; };
		2DAFA2F82614345F006F2822 /* NoticeVC.swift */ = {isa = PBXFileReference; lastKnownFileType = sourcecode.swift; path = NoticeVC.swift; sourceTree = "<group>"; };
		2DAFA2FB2614346D006F2822 /* UserVC.swift */ = {isa = PBXFileReference; lastKnownFileType = sourcecode.swift; path = UserVC.swift; sourceTree = "<group>"; };
		2DAFA30426144A1C006F2822 /* HomeFeedTableViewCell.swift */ = {isa = PBXFileReference; lastKnownFileType = sourcecode.swift; path = HomeFeedTableViewCell.swift; sourceTree = "<group>"; };
		2DCFAA69261C1D39005A3827 /* PageCollectionViewCell.swift */ = {isa = PBXFileReference; lastKnownFileType = sourcecode.swift; path = PageCollectionViewCell.swift; sourceTree = "<group>"; };
		2DD95B802621ED5C0048EDB6 /* SFProText-Regular.ttf */ = {isa = PBXFileReference; lastKnownFileType = file; path = "SFProText-Regular.ttf"; sourceTree = "<group>"; };
		2DD95B812621ED5C0048EDB6 /* SFProText-Bold.ttf */ = {isa = PBXFileReference; lastKnownFileType = file; path = "SFProText-Bold.ttf"; sourceTree = "<group>"; };
		2DD95B822621ED5D0048EDB6 /* SFProText-Semibold.ttf */ = {isa = PBXFileReference; lastKnownFileType = file; path = "SFProText-Semibold.ttf"; sourceTree = "<group>"; };
		2DD95B872621F5600048EDB6 /* SFProText-Medium.ttf */ = {isa = PBXFileReference; lastKnownFileType = file; path = "SFProText-Medium.ttf"; sourceTree = "<group>"; };
		66F8E9F4FFB2FAF340E36E89 /* Pods-Ass2-Instagram.debug.xcconfig */ = {isa = PBXFileReference; includeInIndex = 1; lastKnownFileType = text.xcconfig; name = "Pods-Ass2-Instagram.debug.xcconfig"; path = "Target Support Files/Pods-Ass2-Instagram/Pods-Ass2-Instagram.debug.xcconfig"; sourceTree = "<group>"; };
		8B53ED5587825F0495048D19 /* Pods_Ass2_Instagram.framework */ = {isa = PBXFileReference; explicitFileType = wrapper.framework; includeInIndex = 0; path = Pods_Ass2_Instagram.framework; sourceTree = BUILT_PRODUCTS_DIR; };
		D7049EEE4C58807428EAD1A1 /* Pods-Ass2-Instagram.release.xcconfig */ = {isa = PBXFileReference; includeInIndex = 1; lastKnownFileType = text.xcconfig; name = "Pods-Ass2-Instagram.release.xcconfig"; path = "Target Support Files/Pods-Ass2-Instagram/Pods-Ass2-Instagram.release.xcconfig"; sourceTree = "<group>"; };
/* End PBXFileReference section */

/* Begin PBXFrameworksBuildPhase section */
		2DAFA2C526120475006F2822 /* Frameworks */ = {
			isa = PBXFrameworksBuildPhase;
			buildActionMask = 2147483647;
			files = (
				1C7C9F306A26340CE87D8FAA /* Pods_Ass2_Instagram.framework in Frameworks */,
			);
			runOnlyForDeploymentPostprocessing = 0;
		};
/* End PBXFrameworksBuildPhase section */

/* Begin PBXGroup section */
		2DAFA2BF26120475006F2822 = {
			isa = PBXGroup;
			children = (
				2DAFA2CA26120475006F2822 /* Ass2-Instagram */,
				2DAFA2C926120475006F2822 /* Products */,
				9A48DB54D90281C466E66F1B /* Pods */,
				D5259BCF98FEF57D2EB457A6 /* Frameworks */,
			);
			sourceTree = "<group>";
		};
		2DAFA2C926120475006F2822 /* Products */ = {
			isa = PBXGroup;
			children = (
				2DAFA2C826120475006F2822 /* Ass2-Instagram.app */,
			);
			name = Products;
			sourceTree = "<group>";
		};
		2DAFA2CA26120475006F2822 /* Ass2-Instagram */ = {
			isa = PBXGroup;
			children = (
				2DAFA2CB26120475006F2822 /* AppDelegate.swift */,
				2DAFA2CD26120475006F2822 /* SceneDelegate.swift */,
				2DAFA2CF26120475006F2822 /* TabBarController.swift */,
				2DAFA2F22614343A006F2822 /* SearchVC.swift */,
				2DAFA2F82614345F006F2822 /* NoticeVC.swift */,
				2DAFA2FB2614346D006F2822 /* UserVC.swift */,
				2DAFA2F52614344B006F2822 /* VideoVC.swift */,
				2DAFA2EF2614342A006F2822 /* HomeVC.swift */,
				2D90F351261AC999002A2A8C /* StoryCollectionViewCell.swift */,
				2DAFA30426144A1C006F2822 /* HomeFeedTableViewCell.swift */,
				2DCFAA69261C1D39005A3827 /* PageCollectionViewCell.swift */,
				2DAFA2D426120478006F2822 /* Assets.xcassets */,
				2DD95B812621ED5C0048EDB6 /* SFProText-Bold.ttf */,
				2DD95B802621ED5C0048EDB6 /* SFProText-Regular.ttf */,
				2DD95B872621F5600048EDB6 /* SFProText-Medium.ttf */,
				2DD95B822621ED5D0048EDB6 /* SFProText-Semibold.ttf */,
				2DAFA2D926120478006F2822 /* Info.plist */,
			);
			path = "Ass2-Instagram";
			sourceTree = "<group>";
		};
		9A48DB54D90281C466E66F1B /* Pods */ = {
			isa = PBXGroup;
			children = (
				66F8E9F4FFB2FAF340E36E89 /* Pods-Ass2-Instagram.debug.xcconfig */,
				D7049EEE4C58807428EAD1A1 /* Pods-Ass2-Instagram.release.xcconfig */,
			);
			path = Pods;
			sourceTree = "<group>";
		};
		D5259BCF98FEF57D2EB457A6 /* Frameworks */ = {
			isa = PBXGroup;
			children = (
				8B53ED5587825F0495048D19 /* Pods_Ass2_Instagram.framework */,
			);
			name = Frameworks;
			sourceTree = "<group>";
		};
/* End PBXGroup section */

/* Begin PBXNativeTarget section */
		2DAFA2C726120475006F2822 /* Ass2-Instagram */ = {
			isa = PBXNativeTarget;
			buildConfigurationList = 2DAFA2DC26120478006F2822 /* Build configuration list for PBXNativeTarget "Ass2-Instagram" */;
			buildPhases = (
				B3E05B76BB95AEE8DB27F253 /* [CP] Check Pods Manifest.lock */,
				2DAFA2C426120475006F2822 /* Sources */,
				2DAFA2C526120475006F2822 /* Frameworks */,
				2DAFA2C626120475006F2822 /* Resources */,
				C3C4A11596F40E6AD3843A84 /* [CP] Embed Pods Frameworks */,
			);
			buildRules = (
			);
			dependencies = (
			);
			name = "Ass2-Instagram";
			productName = "Ass2-Instagram";
			productReference = 2DAFA2C826120475006F2822 /* Ass2-Instagram.app */;
			productType = "com.apple.product-type.application";
		};
/* End PBXNativeTarget section */

/* Begin PBXProject section */
		2DAFA2C026120475006F2822 /* Project object */ = {
			isa = PBXProject;
			attributes = {
				LastSwiftUpdateCheck = 1240;
				LastUpgradeCheck = 1240;
				TargetAttributes = {
					2DAFA2C726120475006F2822 = {
						CreatedOnToolsVersion = 12.4;
					};
				};
			};
			buildConfigurationList = 2DAFA2C326120475006F2822 /* Build configuration list for PBXProject "Ass2-Instagram" */;
			compatibilityVersion = "Xcode 9.3";
			developmentRegion = en;
			hasScannedForEncodings = 0;
			knownRegions = (
				en,
				Base,
			);
			mainGroup = 2DAFA2BF26120475006F2822;
			productRefGroup = 2DAFA2C926120475006F2822 /* Products */;
			projectDirPath = "";
			projectRoot = "";
			targets = (
				2DAFA2C726120475006F2822 /* Ass2-Instagram */,
			);
		};
/* End PBXProject section */

/* Begin PBXResourcesBuildPhase section */
		2DAFA2C626120475006F2822 /* Resources */ = {
			isa = PBXResourcesBuildPhase;
			buildActionMask = 2147483647;
			files = (
				2DAFA2D526120478006F2822 /* Assets.xcassets in Resources */,
				2DD95B852621ED5D0048EDB6 /* SFProText-Semibold.ttf in Resources */,
				2DD95B842621ED5D0048EDB6 /* SFProText-Bold.ttf in Resources */,
				2DD95B832621ED5D0048EDB6 /* SFProText-Regular.ttf in Resources */,
				2DD95B882621F5600048EDB6 /* SFProText-Medium.ttf in Resources */,
			);
			runOnlyForDeploymentPostprocessing = 0;
		};
/* End PBXResourcesBuildPhase section */

/* Begin PBXShellScriptBuildPhase section */
		B3E05B76BB95AEE8DB27F253 /* [CP] Check Pods Manifest.lock */ = {
			isa = PBXShellScriptBuildPhase;
			buildActionMask = 2147483647;
			files = (
			);
			inputFileListPaths = (
			);
			inputPaths = (
				"${PODS_PODFILE_DIR_PATH}/Podfile.lock",
				"${PODS_ROOT}/Manifest.lock",
			);
			name = "[CP] Check Pods Manifest.lock";
			outputFileListPaths = (
			);
			outputPaths = (
				"$(DERIVED_FILE_DIR)/Pods-Ass2-Instagram-checkManifestLockResult.txt",
			);
			runOnlyForDeploymentPostprocessing = 0;
			shellPath = /bin/sh;
			shellScript = "diff \"${PODS_PODFILE_DIR_PATH}/Podfile.lock\" \"${PODS_ROOT}/Manifest.lock\" > /dev/null\nif [ $? != 0 ] ; then\n    # print error to STDERR\n    echo \"error: The sandbox is not in sync with the Podfile.lock. Run 'pod install' or update your CocoaPods installation.\" >&2\n    exit 1\nfi\n# This output is used by Xcode 'outputs' to avoid re-running this script phase.\necho \"SUCCESS\" > \"${SCRIPT_OUTPUT_FILE_0}\"\n";
			showEnvVarsInLog = 0;
		};
		C3C4A11596F40E6AD3843A84 /* [CP] Embed Pods Frameworks */ = {
			isa = PBXShellScriptBuildPhase;
			buildActionMask = 2147483647;
			files = (
			);
			inputFileListPaths = (
				"${PODS_ROOT}/Target Support Files/Pods-Ass2-Instagram/Pods-Ass2-Instagram-frameworks-${CONFIGURATION}-input-files.xcfilelist",
			);
			name = "[CP] Embed Pods Frameworks";
			outputFileListPaths = (
				"${PODS_ROOT}/Target Support Files/Pods-Ass2-Instagram/Pods-Ass2-Instagram-frameworks-${CONFIGURATION}-output-files.xcfilelist",
			);
			runOnlyForDeploymentPostprocessing = 0;
			shellPath = /bin/sh;
			shellScript = "\"${PODS_ROOT}/Target Support Files/Pods-Ass2-Instagram/Pods-Ass2-Instagram-frameworks.sh\"\n";
			showEnvVarsInLog = 0;
		};
/* End PBXShellScriptBuildPhase section */

/* Begin PBXSourcesBuildPhase section */
		2DAFA2C426120475006F2822 /* Sources */ = {
			isa = PBXSourcesBuildPhase;
			buildActionMask = 2147483647;
			files = (
				2D90F352261AC999002A2A8C /* StoryCollectionViewCell.swift in Sources */,
				2DAFA2F62614344B006F2822 /* VideoVC.swift in Sources */,
				2DAFA2D026120475006F2822 /* TabBarController.swift in Sources */,
				2DAFA2F32614343A006F2822 /* SearchVC.swift in Sources */,
				2DAFA2F02614342A006F2822 /* HomeVC.swift in Sources */,
				2DAFA2CC26120475006F2822 /* AppDelegate.swift in Sources */,
				2DCFAA6A261C1D39005A3827 /* PageCollectionViewCell.swift in Sources */,
				2DAFA30526144A1C006F2822 /* HomeFeedTableViewCell.swift in Sources */,
				2DAFA2CE26120475006F2822 /* SceneDelegate.swift in Sources */,
				2DAFA2F92614345F006F2822 /* NoticeVC.swift in Sources */,
				2DAFA2FC2614346D006F2822 /* UserVC.swift in Sources */,
			);
			runOnlyForDeploymentPostprocessing = 0;
		};
/* End PBXSourcesBuildPhase section */

/* Begin XCBuildConfiguration section */
		2DAFA2DA26120478006F2822 /* Debug */ = {
			isa = XCBuildConfiguration;
			buildSettings = {
				ALWAYS_SEARCH_USER_PATHS = NO;
				CLANG_ANALYZER_NONNULL = YES;
				CLANG_ANALYZER_NUMBER_OBJECT_CONVERSION = YES_AGGRESSIVE;
				CLANG_CXX_LANGUAGE_STANDARD = "gnu++14";
				CLANG_CXX_LIBRARY = "libc++";
				CLANG_ENABLE_MODULES = YES;
				CLANG_ENABLE_OBJC_ARC = YES;
				CLANG_ENABLE_OBJC_WEAK = YES;
				CLANG_WARN_BLOCK_CAPTURE_AUTORELEASING = YES;
				CLANG_WARN_BOOL_CONVERSION = YES;
				CLANG_WARN_COMMA = YES;
				CLANG_WARN_CONSTANT_CONVERSION = YES;
				CLANG_WARN_DEPRECATED_OBJC_IMPLEMENTATIONS = YES;
				CLANG_WARN_DIRECT_OBJC_ISA_USAGE = YES_ERROR;
				CLANG_WARN_DOCUMENTATION_COMMENTS = YES;
				CLANG_WARN_EMPTY_BODY = YES;
				CLANG_WARN_ENUM_CONVERSION = YES;
				CLANG_WARN_INFINITE_RECURSION = YES;
				CLANG_WARN_INT_CONVERSION = YES;
				CLANG_WARN_NON_LITERAL_NULL_CONVERSION = YES;
				CLANG_WARN_OBJC_IMPLICIT_RETAIN_SELF = YES;
				CLANG_WARN_OBJC_LITERAL_CONVERSION = YES;
				CLANG_WARN_OBJC_ROOT_CLASS = YES_ERROR;
				CLANG_WARN_QUOTED_INCLUDE_IN_FRAMEWORK_HEADER = YES;
				CLANG_WARN_RANGE_LOOP_ANALYSIS = YES;
				CLANG_WARN_STRICT_PROTOTYPES = YES;
				CLANG_WARN_SUSPICIOUS_MOVE = YES;
				CLANG_WARN_UNGUARDED_AVAILABILITY = YES_AGGRESSIVE;
				CLANG_WARN_UNREACHABLE_CODE = YES;
				CLANG_WARN__DUPLICATE_METHOD_MATCH = YES;
				COPY_PHASE_STRIP = NO;
				DEBUG_INFORMATION_FORMAT = dwarf;
				ENABLE_STRICT_OBJC_MSGSEND = YES;
				ENABLE_TESTABILITY = YES;
				GCC_C_LANGUAGE_STANDARD = gnu11;
				GCC_DYNAMIC_NO_PIC = NO;
				GCC_NO_COMMON_BLOCKS = YES;
				GCC_OPTIMIZATION_LEVEL = 0;
				GCC_PREPROCESSOR_DEFINITIONS = (
					"DEBUG=1",
					"$(inherited)",
				);
				GCC_WARN_64_TO_32_BIT_CONVERSION = YES;
				GCC_WARN_ABOUT_RETURN_TYPE = YES_ERROR;
				GCC_WARN_UNDECLARED_SELECTOR = YES;
				GCC_WARN_UNINITIALIZED_AUTOS = YES_AGGRESSIVE;
				GCC_WARN_UNUSED_FUNCTION = YES;
				GCC_WARN_UNUSED_VARIABLE = YES;
				IPHONEOS_DEPLOYMENT_TARGET = 14.1;
				MTL_ENABLE_DEBUG_INFO = INCLUDE_SOURCE;
				MTL_FAST_MATH = YES;
				ONLY_ACTIVE_ARCH = YES;
				SDKROOT = iphoneos;
				SWIFT_ACTIVE_COMPILATION_CONDITIONS = DEBUG;
				SWIFT_OPTIMIZATION_LEVEL = "-Onone";
			};
			name = Debug;
		};
		2DAFA2DB26120478006F2822 /* Release */ = {
			isa = XCBuildConfiguration;
			buildSettings = {
				ALWAYS_SEARCH_USER_PATHS = NO;
				CLANG_ANALYZER_NONNULL = YES;
				CLANG_ANALYZER_NUMBER_OBJECT_CONVERSION = YES_AGGRESSIVE;
				CLANG_CXX_LANGUAGE_STANDARD = "gnu++14";
				CLANG_CXX_LIBRARY = "libc++";
				CLANG_ENABLE_MODULES = YES;
				CLANG_ENABLE_OBJC_ARC = YES;
				CLANG_ENABLE_OBJC_WEAK = YES;
				CLANG_WARN_BLOCK_CAPTURE_AUTORELEASING = YES;
				CLANG_WARN_BOOL_CONVERSION = YES;
				CLANG_WARN_COMMA = YES;
				CLANG_WARN_CONSTANT_CONVERSION = YES;
				CLANG_WARN_DEPRECATED_OBJC_IMPLEMENTATIONS = YES;
				CLANG_WARN_DIRECT_OBJC_ISA_USAGE = YES_ERROR;
				CLANG_WARN_DOCUMENTATION_COMMENTS = YES;
				CLANG_WARN_EMPTY_BODY = YES;
				CLANG_WARN_ENUM_CONVERSION = YES;
				CLANG_WARN_INFINITE_RECURSION = YES;
				CLANG_WARN_INT_CONVERSION = YES;
				CLANG_WARN_NON_LITERAL_NULL_CONVERSION = YES;
				CLANG_WARN_OBJC_IMPLICIT_RETAIN_SELF = YES;
				CLANG_WARN_OBJC_LITERAL_CONVERSION = YES;
				CLANG_WARN_OBJC_ROOT_CLASS = YES_ERROR;
				CLANG_WARN_QUOTED_INCLUDE_IN_FRAMEWORK_HEADER = YES;
				CLANG_WARN_RANGE_LOOP_ANALYSIS = YES;
				CLANG_WARN_STRICT_PROTOTYPES = YES;
				CLANG_WARN_SUSPICIOUS_MOVE = YES;
				CLANG_WARN_UNGUARDED_AVAILABILITY = YES_AGGRESSIVE;
				CLANG_WARN_UNREACHABLE_CODE = YES;
				CLANG_WARN__DUPLICATE_METHOD_MATCH = YES;
				COPY_PHASE_STRIP = NO;
				DEBUG_INFORMATION_FORMAT = "dwarf-with-dsym";
				ENABLE_NS_ASSERTIONS = NO;
				ENABLE_STRICT_OBJC_MSGSEND = YES;
				GCC_C_LANGUAGE_STANDARD = gnu11;
				GCC_NO_COMMON_BLOCKS = YES;
				GCC_WARN_64_TO_32_BIT_CONVERSION = YES;
				GCC_WARN_ABOUT_RETURN_TYPE = YES_ERROR;
				GCC_WARN_UNDECLARED_SELECTOR = YES;
				GCC_WARN_UNINITIALIZED_AUTOS = YES_AGGRESSIVE;
				GCC_WARN_UNUSED_FUNCTION = YES;
				GCC_WARN_UNUSED_VARIABLE = YES;
				IPHONEOS_DEPLOYMENT_TARGET = 14.1;
				MTL_ENABLE_DEBUG_INFO = NO;
				MTL_FAST_MATH = YES;
				SDKROOT = iphoneos;
				SWIFT_COMPILATION_MODE = wholemodule;
				SWIFT_OPTIMIZATION_LEVEL = "-O";
				VALIDATE_PRODUCT = YES;
			};
			name = Release;
		};
		2DAFA2DD26120478006F2822 /* Debug */ = {
			isa = XCBuildConfiguration;
			baseConfigurationReference = 66F8E9F4FFB2FAF340E36E89 /* Pods-Ass2-Instagram.debug.xcconfig */;
			buildSettings = {
				ASSETCATALOG_COMPILER_APPICON_NAME = AppIcon;
				ASSETCATALOG_COMPILER_GLOBAL_ACCENT_COLOR_NAME = AccentColor;
				CODE_SIGN_STYLE = Automatic;
				DEVELOPMENT_TEAM = 7X78626T5H;
				INFOPLIST_FILE = "Ass2-Instagram/Info.plist";
				IPHONEOS_DEPLOYMENT_TARGET = 14.1;
				LD_RUNPATH_SEARCH_PATHS = (
					"$(inherited)",
					"@executable_path/Frameworks",
				);
				PRODUCT_BUNDLE_IDENTIFIER = "com.datasturucter.Ass2-Instagram";
				PRODUCT_NAME = "$(TARGET_NAME)";
				SWIFT_VERSION = 5.0;
				TARGETED_DEVICE_FAMILY = "1,2";
			};
			name = Debug;
		};
		2DAFA2DE26120478006F2822 /* Release */ = {
			isa = XCBuildConfiguration;
			baseConfigurationReference = D7049EEE4C58807428EAD1A1 /* Pods-Ass2-Instagram.release.xcconfig */;
			buildSettings = {
				ASSETCATALOG_COMPILER_APPICON_NAME = AppIcon;
				ASSETCATALOG_COMPILER_GLOBAL_ACCENT_COLOR_NAME = AccentColor;
				CODE_SIGN_STYLE = Automatic;
				DEVELOPMENT_TEAM = 7X78626T5H;
				INFOPLIST_FILE = "Ass2-Instagram/Info.plist";
				IPHONEOS_DEPLOYMENT_TARGET = 14.1;
				LD_RUNPATH_SEARCH_PATHS = (
					"$(inherited)",
					"@executable_path/Frameworks",
				);
				PRODUCT_BUNDLE_IDENTIFIER = "com.datasturucter.Ass2-Instagram";
				PRODUCT_NAME = "$(TARGET_NAME)";
				SWIFT_VERSION = 5.0;
				TARGETED_DEVICE_FAMILY = "1,2";
			};
			name = Release;
		};
/* End XCBuildConfiguration section */

/* Begin XCConfigurationList section */
		2DAFA2C326120475006F2822 /* Build configuration list for PBXProject "Ass2-Instagram" */ = {
			isa = XCConfigurationList;
			buildConfigurations = (
				2DAFA2DA26120478006F2822 /* Debug */,
				2DAFA2DB26120478006F2822 /* Release */,
			);
			defaultConfigurationIsVisible = 0;
			defaultConfigurationName = Release;
		};
		2DAFA2DC26120478006F2822 /* Build configuration list for PBXNativeTarget "Ass2-Instagram" */ = {
			isa = XCConfigurationList;
			buildConfigurations = (
				2DAFA2DD26120478006F2822 /* Debug */,
				2DAFA2DE26120478006F2822 /* Release */,
			);
			defaultConfigurationIsVisible = 0;
			defaultConfigurationName = Release;
		};
/* End XCConfigurationList section */
	};
	rootObject = 2DAFA2C026120475006F2822 /* Project object */;
}
